
Microsoft Visual Studio Solution File, Format Version 12.00
# Visual Studio 14
VisualStudioVersion = 14.0.25420.1
MinimumVisualStudioVersion = 10.0.40219.1
Project("{FAE04EC0-301F-11D3-BF4B-00C04F79EFBC}") = "00 - MyDartBuddy.Client.Android", "00 - MyDartBuddy.Client.Android\00 - MyDartBuddy.Client.Android.csproj", "{07829941-8733-4012-B28E-408F4BF2710F}"
EndProject
Project("{FAE04EC0-301F-11D3-BF4B-00C04F79EFBC}") = "01 - MyDartBuddy.Client.UI", "01 - MyDartBuddy.Client.UI\01 - MyDartBuddy.Client.UI.csproj", "{1E580DB5-C702-4FAB-8236-550E764C9784}"
EndProject
Project("{FAE04EC0-301F-11D3-BF4B-00C04F79EFBC}") = "02 - MyDartBuddy.Client.Implementation", "02 - MyDartBuddy.Client.Implementation\02 - MyDartBuddy.Client.Implementation.csproj", "{EA80201C-57BD-4FF8-8AAB-A9BDD423E457}"
EndProject
Project("{FAE04EC0-301F-11D3-BF4B-00C04F79EFBC}") = "03 - MyDartBuddy.Client.Common", "03 - MyDartBuddy.Common\03 - MyDartBuddy.Client.Common.csproj", "{6E6AFC87-7956-4BBB-8FC3-ED072D2449F8}"
EndProject
Global
	GlobalSection(SolutionConfigurationPlatforms) = preSolution
		Ad-Hoc|Any CPU = Ad-Hoc|Any CPU
		Ad-Hoc|iPhone = Ad-Hoc|iPhone
		Ad-Hoc|iPhoneSimulator = Ad-Hoc|iPhoneSimulator
		AppStore|Any CPU = AppStore|Any CPU
		AppStore|iPhone = AppStore|iPhone
		AppStore|iPhoneSimulator = AppStore|iPhoneSimulator
		Debug|Any CPU = Debug|Any CPU
		Debug|iPhone = Debug|iPhone
		Debug|iPhoneSimulator = Debug|iPhoneSimulator
		Release|Any CPU = Release|Any CPU
		Release|iPhone = Release|iPhone
		Release|iPhoneSimulator = Release|iPhoneSimulator
	EndGlobalSection
	GlobalSection(ProjectConfigurationPlatforms) = postSolution
		{07829941-8733-4012-B28E-408F4BF2710F}.Ad-Hoc|Any CPU.ActiveCfg = Release|Any CPU
		{07829941-8733-4012-B28E-408F4BF2710F}.Ad-Hoc|Any CPU.Build.0 = Release|Any CPU
		{07829941-8733-4012-B28E-408F4BF2710F}.Ad-Hoc|Any CPU.Deploy.0 = Release|Any CPU
		{07829941-8733-4012-B28E-408F4BF2710F}.Ad-Hoc|iPhone.ActiveCfg = Release|Any CPU
		{07829941-8733-4012-B28E-408F4BF2710F}.Ad-Hoc|iPhone.Build.0 = Release|Any CPU
		{07829941-8733-4012-B28E-408F4BF2710F}.Ad-Hoc|iPhone.Deploy.0 = Release|Any CPU
		{07829941-8733-4012-B28E-408F4BF2710F}.Ad-Hoc|iPhoneSimulator.ActiveCfg = Release|Any CPU
		{07829941-8733-4012-B28E-408F4BF2710F}.Ad-Hoc|iPhoneSimulator.Build.0 = Release|Any CPU
		{07829941-8733-4012-B28E-408F4BF2710F}.Ad-Hoc|iPhoneSimulator.Deploy.0 = Release|Any CPU
		{07829941-8733-4012-B28E-408F4BF2710F}.AppStore|Any CPU.ActiveCfg = Release|Any CPU
		{07829941-8733-4012-B28E-408F4BF2710F}.AppStore|Any CPU.Build.0 = Release|Any CPU
		{07829941-8733-4012-B28E-408F4BF2710F}.AppStore|Any CPU.Deploy.0 = Release|Any CPU
		{07829941-8733-4012-B28E-408F4BF2710F}.AppStore|iPhone.ActiveCfg = Release|Any CPU
		{07829941-8733-4012-B28E-408F4BF2710F}.AppStore|iPhone.Build.0 = Release|Any CPU
		{07829941-8733-4012-B28E-408F4BF2710F}.AppStore|iPhone.Deploy.0 = Release|Any CPU
		{07829941-8733-4012-B28E-408F4BF2710F}.AppStore|iPhoneSimulator.ActiveCfg = Release|Any CPU
		{07829941-8733-4012-B28E-408F4BF2710F}.AppStore|iPhoneSimulator.Build.0 = Release|Any CPU
		{07829941-8733-4012-B28E-408F4BF2710F}.AppStore|iPhoneSimulator.Deploy.0 = Release|Any CPU
		{07829941-8733-4012-B28E-408F4BF2710F}.Debug|Any CPU.ActiveCfg = Debug|Any CPU
		{07829941-8733-4012-B28E-408F4BF2710F}.Debug|Any CPU.Build.0 = Debug|Any CPU
		{07829941-8733-4012-B28E-408F4BF2710F}.Debug|Any CPU.Deploy.0 = Debug|Any CPU
		{07829941-8733-4012-B28E-408F4BF2710F}.Debug|iPhone.ActiveCfg = Debug|Any CPU
		{07829941-8733-4012-B28E-408F4BF2710F}.Debug|iPhone.Build.0 = Debug|Any CPU
		{07829941-8733-4012-B28E-408F4BF2710F}.Debug|iPhone.Deploy.0 = Debug|Any CPU
		{07829941-8733-4012-B28E-408F4BF2710F}.Debug|iPhoneSimulator.ActiveCfg = Debug|Any CPU
		{07829941-8733-4012-B28E-408F4BF2710F}.Debug|iPhoneSimulator.Build.0 = Debug|Any CPU
		{07829941-8733-4012-B28E-408F4BF2710F}.Debug|iPhoneSimulator.Deploy.0 = Debug|Any CPU
		{07829941-8733-4012-B28E-408F4BF2710F}.Release|Any CPU.ActiveCfg = Release|Any CPU
		{07829941-8733-4012-B28E-408F4BF2710F}.Release|Any CPU.Build.0 = Release|Any CPU
		{07829941-8733-4012-B28E-408F4BF2710F}.Release|Any CPU.Deploy.0 = Release|Any CPU
		{07829941-8733-4012-B28E-408F4BF2710F}.Release|iPhone.ActiveCfg = Release|Any CPU
		{07829941-8733-4012-B28E-408F4BF2710F}.Release|iPhone.Build.0 = Release|Any CPU
		{07829941-8733-4012-B28E-408F4BF2710F}.Release|iPhone.Deploy.0 = Release|Any CPU
		{07829941-8733-4012-B28E-408F4BF2710F}.Release|iPhoneSimulator.ActiveCfg = Release|Any CPU
		{07829941-8733-4012-B28E-408F4BF2710F}.Release|iPhoneSimulator.Build.0 = Release|Any CPU
		{07829941-8733-4012-B28E-408F4BF2710F}.Release|iPhoneSimulator.Deploy.0 = Release|Any CPU
		{1E580DB5-C702-4FAB-8236-550E764C9784}.Ad-Hoc|Any CPU.ActiveCfg = Release|Any CPU
		{1E580DB5-C702-4FAB-8236-550E764C9784}.Ad-Hoc|Any CPU.Build.0 = Release|Any CPU
		{1E580DB5-C702-4FAB-8236-550E764C9784}.Ad-Hoc|Any CPU.Deploy.0 = Release|Any CPU
		{1E580DB5-C702-4FAB-8236-550E764C9784}.Ad-Hoc|iPhone.ActiveCfg = Release|Any CPU
		{1E580DB5-C702-4FAB-8236-550E764C9784}.Ad-Hoc|iPhone.Build.0 = Release|Any CPU
		{1E580DB5-C702-4FAB-8236-550E764C9784}.Ad-Hoc|iPhone.Deploy.0 = Release|Any CPU
		{1E580DB5-C702-4FAB-8236-550E764C9784}.Ad-Hoc|iPhoneSimulator.ActiveCfg = Release|Any CPU
		{1E580DB5-C702-4FAB-8236-550E764C9784}.Ad-Hoc|iPhoneSimulator.Build.0 = Release|Any CPU
		{1E580DB5-C702-4FAB-8236-550E764C9784}.Ad-Hoc|iPhoneSimulator.Deploy.0 = Release|Any CPU
		{1E580DB5-C702-4FAB-8236-550E764C9784}.AppStore|Any CPU.ActiveCfg = Release|Any CPU
		{1E580DB5-C702-4FAB-8236-550E764C9784}.AppStore|Any CPU.Build.0 = Release|Any CPU
		{1E580DB5-C702-4FAB-8236-550E764C9784}.AppStore|Any CPU.Deploy.0 = Release|Any CPU
		{1E580DB5-C702-4FAB-8236-550E764C9784}.AppStore|iPhone.ActiveCfg = Release|Any CPU
		{1E580DB5-C702-4FAB-8236-550E764C9784}.AppStore|iPhone.Build.0 = Release|Any CPU
		{1E580DB5-C702-4FAB-8236-550E764C9784}.AppStore|iPhone.Deploy.0 = Release|Any CPU
		{1E580DB5-C702-4FAB-8236-550E764C9784}.AppStore|iPhoneSimulator.ActiveCfg = Release|Any CPU
		{1E580DB5-C702-4FAB-8236-550E764C9784}.AppStore|iPhoneSimulator.Build.0 = Release|Any CPU
		{1E580DB5-C702-4FAB-8236-550E764C9784}.AppStore|iPhoneSimulator.Deploy.0 = Release|Any CPU
		{1E580DB5-C702-4FAB-8236-550E764C9784}.Debug|Any CPU.ActiveCfg = Debug|Any CPU
		{1E580DB5-C702-4FAB-8236-550E764C9784}.Debug|Any CPU.Build.0 = Debug|Any CPU
		{1E580DB5-C702-4FAB-8236-550E764C9784}.Debug|Any CPU.Deploy.0 = Debug|Any CPU
		{1E580DB5-C702-4FAB-8236-550E764C9784}.Debug|iPhone.ActiveCfg = Debug|Any CPU
		{1E580DB5-C702-4FAB-8236-550E764C9784}.Debug|iPhone.Build.0 = Debug|Any CPU
		{1E580DB5-C702-4FAB-8236-550E764C9784}.Debug|iPhone.Deploy.0 = Debug|Any CPU
		{1E580DB5-C702-4FAB-8236-550E764C9784}.Debug|iPhoneSimulator.ActiveCfg = Debug|Any CPU
		{1E580DB5-C702-4FAB-8236-550E764C9784}.Debug|iPhoneSimulator.Build.0 = Debug|Any CPU
		{1E580DB5-C702-4FAB-8236-550E764C9784}.Debug|iPhoneSimulator.Deploy.0 = Debug|Any CPU
		{1E580DB5-C702-4FAB-8236-550E764C9784}.Release|Any CPU.ActiveCfg = Release|Any CPU
		{1E580DB5-C702-4FAB-8236-550E764C9784}.Release|Any CPU.Build.0 = Release|Any CPU
		{1E580DB5-C702-4FAB-8236-550E764C9784}.Release|Any CPU.Deploy.0 = Release|Any CPU
		{1E580DB5-C702-4FAB-8236-550E764C9784}.Release|iPhone.ActiveCfg = Release|Any CPU
		{1E580DB5-C702-4FAB-8236-550E764C9784}.Release|iPhone.Build.0 = Release|Any CPU
		{1E580DB5-C702-4FAB-8236-550E764C9784}.Release|iPhone.Deploy.0 = Release|Any CPU
		{1E580DB5-C702-4FAB-8236-550E764C9784}.Release|iPhoneSimulator.ActiveCfg = Release|Any CPU
		{1E580DB5-C702-4FAB-8236-550E764C9784}.Release|iPhoneSimulator.Build.0 = Release|Any CPU
		{1E580DB5-C702-4FAB-8236-550E764C9784}.Release|iPhoneSimulator.Deploy.0 = Release|Any CPU
		{EA80201C-57BD-4FF8-8AAB-A9BDD423E457}.Ad-Hoc|Any CPU.ActiveCfg = Release|Any CPU
		{EA80201C-57BD-4FF8-8AAB-A9BDD423E457}.Ad-Hoc|Any CPU.Build.0 = Release|Any CPU
		{EA80201C-57BD-4FF8-8AAB-A9BDD423E457}.Ad-Hoc|iPhone.ActiveCfg = Release|Any CPU
		{EA80201C-57BD-4FF8-8AAB-A9BDD423E457}.Ad-Hoc|iPhone.Build.0 = Release|Any CPU
		{EA80201C-57BD-4FF8-8AAB-A9BDD423E457}.Ad-Hoc|iPhoneSimulator.ActiveCfg = Release|Any CPU
		{EA80201C-57BD-4FF8-8AAB-A9BDD423E457}.Ad-Hoc|iPhoneSimulator.Build.0 = Release|Any CPU
		{EA80201C-57BD-4FF8-8AAB-A9BDD423E457}.AppStore|Any CPU.ActiveCfg = Release|Any CPU
		{EA80201C-57BD-4FF8-8AAB-A9BDD423E457}.AppStore|Any CPU.Build.0 = Release|Any CPU
		{EA80201C-57BD-4FF8-8AAB-A9BDD423E457}.AppStore|iPhone.ActiveCfg = Release|Any CPU
		{EA80201C-57BD-4FF8-8AAB-A9BDD423E457}.AppStore|iPhone.Build.0 = Release|Any CPU
		{EA80201C-57BD-4FF8-8AAB-A9BDD423E457}.AppStore|iPhoneSimulator.ActiveCfg = Release|Any CPU
		{EA80201C-57BD-4FF8-8AAB-A9BDD423E457}.AppStore|iPhoneSimulator.Build.0 = Release|Any CPU
		{EA80201C-57BD-4FF8-8AAB-A9BDD423E457}.Debug|Any CPU.ActiveCfg = Debug|Any CPU
		{EA80201C-57BD-4FF8-8AAB-A9BDD423E457}.Debug|Any CPU.Build.0 = Debug|Any CPU
		{EA80201C-57BD-4FF8-8AAB-A9BDD423E457}.Debug|iPhone.ActiveCfg = Debug|Any CPU
		{EA80201C-57BD-4FF8-8AAB-A9BDD423E457}.Debug|iPhone.Build.0 = Debug|Any CPU
		{EA80201C-57BD-4FF8-8AAB-A9BDD423E457}.Debug|iPhoneSimulator.ActiveCfg = Debug|Any CPU
		{EA80201C-57BD-4FF8-8AAB-A9BDD423E457}.Debug|iPhoneSimulator.Build.0 = Debug|Any CPU
		{EA80201C-57BD-4FF8-8AAB-A9BDD423E457}.Release|Any CPU.ActiveCfg = Release|Any CPU
		{EA80201C-57BD-4FF8-8AAB-A9BDD423E457}.Release|Any CPU.Build.0 = Release|Any CPU
		{EA80201C-57BD-4FF8-8AAB-A9BDD423E457}.Release|iPhone.ActiveCfg = Release|Any CPU
		{EA80201C-57BD-4FF8-8AAB-A9BDD423E457}.Release|iPhone.Build.0 = Release|Any CPU
		{EA80201C-57BD-4FF8-8AAB-A9BDD423E457}.Release|iPhoneSimulator.ActiveCfg = Release|Any CPU
		{EA80201C-57BD-4FF8-8AAB-A9BDD423E457}.Release|iPhoneSimulator.Build.0 = Release|Any CPU
		{6E6AFC87-7956-4BBB-8FC3-ED072D2449F8}.Ad-Hoc|Any CPU.ActiveCfg = Release|Any CPU
		{6E6AFC87-7956-4BBB-8FC3-ED072D2449F8}.Ad-Hoc|Any CPU.Build.0 = Release|Any CPU
		{6E6AFC87-7956-4BBB-8FC3-ED072D2449F8}.Ad-Hoc|iPhone.ActiveCfg = Release|Any CPU
		{6E6AFC87-7956-4BBB-8FC3-ED072D2449F8}.Ad-Hoc|iPhone.Build.0 = Release|Any CPU
		{6E6AFC87-7956-4BBB-8FC3-ED072D2449F8}.Ad-Hoc|iPhoneSimulator.ActiveCfg = Release|Any CPU
		{6E6AFC87-7956-4BBB-8FC3-ED072D2449F8}.Ad-Hoc|iPhoneSimulator.Build.0 = Release|Any CPU
		{6E6AFC87-7956-4BBB-8FC3-ED072D2449F8}.AppStore|Any CPU.ActiveCfg = Release|Any CPU
		{6E6AFC87-7956-4BBB-8FC3-ED072D2449F8}.AppStore|Any CPU.Build.0 = Release|Any CPU
		{6E6AFC87-7956-4BBB-8FC3-ED072D2449F8}.AppStore|iPhone.ActiveCfg = Release|Any CPU
		{6E6AFC87-7956-4BBB-8FC3-ED072D2449F8}.AppStore|iPhone.Build.0 = Release|Any CPU
		{6E6AFC87-7956-4BBB-8FC3-ED072D2449F8}.AppStore|iPhoneSimulator.ActiveCfg = Release|Any CPU
		{6E6AFC87-7956-4BBB-8FC3-ED072D2449F8}.AppStore|iPhoneSimulator.Build.0 = Release|Any CPU
		{6E6AFC87-7956-4BBB-8FC3-ED072D2449F8}.Debug|Any CPU.ActiveCfg = Debug|Any CPU
		{6E6AFC87-7956-4BBB-8FC3-ED072D2449F8}.Debug|Any CPU.Build.0 = Debug|Any CPU
		{6E6AFC87-7956-4BBB-8FC3-ED072D2449F8}.Debug|iPhone.ActiveCfg = Debug|Any CPU
		{6E6AFC87-7956-4BBB-8FC3-ED072D2449F8}.Debug|iPhone.Build.0 = Debug|Any CPU
		{6E6AFC87-7956-4BBB-8FC3-ED072D2449F8}.Debug|iPhoneSimulator.ActiveCfg = Debug|Any CPU
		{6E6AFC87-7956-4BBB-8FC3-ED072D2449F8}.Debug|iPhoneSimulator.Build.0 = Debug|Any CPU
		{6E6AFC87-7956-4BBB-8FC3-ED072D2449F8}.Release|Any CPU.ActiveCfg = Release|Any CPU
		{6E6AFC87-7956-4BBB-8FC3-ED072D2449F8}.Release|Any CPU.Build.0 = Release|Any CPU
		{6E6AFC87-7956-4BBB-8FC3-ED072D2449F8}.Release|iPhone.ActiveCfg = Release|Any CPU
		{6E6AFC87-7956-4BBB-8FC3-ED072D2449F8}.Release|iPhone.Build.0 = Release|Any CPU
		{6E6AFC87-7956-4BBB-8FC3-ED072D2449F8}.Release|iPhoneSimulator.ActiveCfg = Release|Any CPU
		{6E6AFC87-7956-4BBB-8FC3-ED072D2449F8}.Release|iPhoneSimulator.Build.0 = Release|Any CPU
	EndGlobalSection
	GlobalSection(SolutionProperties) = preSolution
		HideSolutionNode = FALSE
	EndGlobalSection
EndGlobal
