
Microsoft Visual Studio Solution File, Format Version 12.00
# Visual Studio 15
VisualStudioVersion = 15.0.28010.2003
MinimumVisualStudioVersion = 10.0.40219.1
Project("{00D1A9C2-B5F0-4AF3-8072-F6C62B433612}") = "MyDartBuddy - Database", "MyDartBuddy - Database\MyDartBuddy - Database.sqlproj", "{026E71D1-653A-458C-8E67-C9F350621E9B}"
EndProject
Global
	GlobalSection(SolutionConfigurationPlatforms) = preSolution
		Debug|Any CPU = Debug|Any CPU
		Release|Any CPU = Release|Any CPU
	EndGlobalSection
	GlobalSection(ProjectConfigurationPlatforms) = postSolution
		{026E71D1-653A-458C-8E67-C9F350621E9B}.Debug|Any CPU.ActiveCfg = Debug|Any CPU
		{026E71D1-653A-458C-8E67-C9F350621E9B}.Debug|Any CPU.Build.0 = Debug|Any CPU
		{026E71D1-653A-458C-8E67-C9F350621E9B}.Debug|Any CPU.Deploy.0 = Debug|Any CPU
		{026E71D1-653A-458C-8E67-C9F350621E9B}.Release|Any CPU.ActiveCfg = Release|Any CPU
		{026E71D1-653A-458C-8E67-C9F350621E9B}.Release|Any CPU.Build.0 = Release|Any CPU
		{026E71D1-653A-458C-8E67-C9F350621E9B}.Release|Any CPU.Deploy.0 = Release|Any CPU
	EndGlobalSection
	GlobalSection(SolutionProperties) = preSolution
		HideSolutionNode = FALSE
	EndGlobalSection
	GlobalSection(ExtensibilityGlobals) = postSolution
		SolutionGuid = {27D1245D-C0BC-4C08-BED1-685C45B34567}
	EndGlobalSection
EndGlobal
